// !$*UTF8*$!
{
	archiveVersion = 1;
	classes = {
	};
	objectVersion = 56;
	objects = {

/* Begin PBXBuildFile section */
		042F18165BCAE5354D6CB8EC /* Pods_Amazing.framework in Frameworks */ = {isa = PBXBuildFile; fileRef = CF46BAA9A7FB6F55FF29D7DB /* Pods_Amazing.framework */; };
		F417545F2BBD1A9700D5F2A6 /* pigarnos.ttf in Resources */ = {isa = PBXBuildFile; fileRef = F417545E2BBD1A9700D5F2A6 /* pigarnos.ttf */; };
		F42FC24A2B9CD9AD00F4FBC5 /* APIFetchHandler.swift in Sources */ = {isa = PBXBuildFile; fileRef = F42FC2492B9CD9AD00F4FBC5 /* APIFetchHandler.swift */; };
		F42FC24C2B9CD9E100F4FBC5 /* UserModel.swift in Sources */ = {isa = PBXBuildFile; fileRef = F42FC24B2B9CD9E100F4FBC5 /* UserModel.swift */; };
		F4B6EB6A2B998E08008E7399 /* AppDelegate.swift in Sources */ = {isa = PBXBuildFile; fileRef = F4B6EB692B998E08008E7399 /* AppDelegate.swift */; };
		F4B6EB6C2B998E08008E7399 /* SceneDelegate.swift in Sources */ = {isa = PBXBuildFile; fileRef = F4B6EB6B2B998E08008E7399 /* SceneDelegate.swift */; };
		F4B6EB6E2B998E08008E7399 /* ViewController.swift in Sources */ = {isa = PBXBuildFile; fileRef = F4B6EB6D2B998E08008E7399 /* ViewController.swift */; };
		F4B6EB712B998E08008E7399 /* Main.storyboard in Resources */ = {isa = PBXBuildFile; fileRef = F4B6EB6F2B998E08008E7399 /* Main.storyboard */; };
		F4B6EB732B998E0A008E7399 /* Assets.xcassets in Resources */ = {isa = PBXBuildFile; fileRef = F4B6EB722B998E0A008E7399 /* Assets.xcassets */; };
		F4B6EB762B998E0A008E7399 /* LaunchScreen.storyboard in Resources */ = {isa = PBXBuildFile; fileRef = F4B6EB742B998E0A008E7399 /* LaunchScreen.storyboard */; };
		F4BFCE482BAA845C00BD516E /* TabBarViewController.swift in Sources */ = {isa = PBXBuildFile; fileRef = F4BFCE472BAA845C00BD516E /* TabBarViewController.swift */; };
		F4BFCE4C2BAA862100BD516E /* ProfileViewController.swift in Sources */ = {isa = PBXBuildFile; fileRef = F4BFCE4B2BAA862100BD516E /* ProfileViewController.swift */; };
		F4BFCE632BB75F1500BD516E /* BebasNeue-Regular.ttf in Resources */ = {isa = PBXBuildFile; fileRef = F4BFCE622BB75F1500BD516E /* BebasNeue-Regular.ttf */; };
/* End PBXBuildFile section */

/* Begin PBXFileReference section */
		6F5D575083828B17D8AC18A4 /* Pods-Amazing.debug.xcconfig */ = {isa = PBXFileReference; includeInIndex = 1; lastKnownFileType = text.xcconfig; name = "Pods-Amazing.debug.xcconfig"; path = "Target Support Files/Pods-Amazing/Pods-Amazing.debug.xcconfig"; sourceTree = "<group>"; };
		B601ADA1139B1D33156075EA /* Pods-Amazing.release.xcconfig */ = {isa = PBXFileReference; includeInIndex = 1; lastKnownFileType = text.xcconfig; name = "Pods-Amazing.release.xcconfig"; path = "Target Support Files/Pods-Amazing/Pods-Amazing.release.xcconfig"; sourceTree = "<group>"; };
		CF46BAA9A7FB6F55FF29D7DB /* Pods_Amazing.framework */ = {isa = PBXFileReference; explicitFileType = wrapper.framework; includeInIndex = 0; path = Pods_Amazing.framework; sourceTree = BUILT_PRODUCTS_DIR; };
		F417545E2BBD1A9700D5F2A6 /* pigarnos.ttf */ = {isa = PBXFileReference; lastKnownFileType = file; path = pigarnos.ttf; sourceTree = "<group>"; };
		F42FC2492B9CD9AD00F4FBC5 /* APIFetchHandler.swift */ = {isa = PBXFileReference; lastKnownFileType = sourcecode.swift; path = APIFetchHandler.swift; sourceTree = "<group>"; };
		F42FC24B2B9CD9E100F4FBC5 /* UserModel.swift */ = {isa = PBXFileReference; lastKnownFileType = sourcecode.swift; path = UserModel.swift; sourceTree = "<group>"; };
		F4B6EB662B998E08008E7399 /* Amazing.app */ = {isa = PBXFileReference; explicitFileType = wrapper.application; includeInIndex = 0; path = Amazing.app; sourceTree = BUILT_PRODUCTS_DIR; };
		F4B6EB692B998E08008E7399 /* AppDelegate.swift */ = {isa = PBXFileReference; lastKnownFileType = sourcecode.swift; path = AppDelegate.swift; sourceTree = "<group>"; };
		F4B6EB6B2B998E08008E7399 /* SceneDelegate.swift */ = {isa = PBXFileReference; lastKnownFileType = sourcecode.swift; path = SceneDelegate.swift; sourceTree = "<group>"; };
		F4B6EB6D2B998E08008E7399 /* ViewController.swift */ = {isa = PBXFileReference; lastKnownFileType = sourcecode.swift; path = ViewController.swift; sourceTree = "<group>"; };
		F4B6EB702B998E08008E7399 /* Base */ = {isa = PBXFileReference; lastKnownFileType = file.storyboard; name = Base; path = Base.lproj/Main.storyboard; sourceTree = "<group>"; };
		F4B6EB722B998E0A008E7399 /* Assets.xcassets */ = {isa = PBXFileReference; lastKnownFileType = folder.assetcatalog; path = Assets.xcassets; sourceTree = "<group>"; };
		F4B6EB752B998E0A008E7399 /* Base */ = {isa = PBXFileReference; lastKnownFileType = file.storyboard; name = Base; path = Base.lproj/LaunchScreen.storyboard; sourceTree = "<group>"; };
		F4B6EB772B998E0A008E7399 /* Info.plist */ = {isa = PBXFileReference; lastKnownFileType = text.plist.xml; path = Info.plist; sourceTree = "<group>"; };
		F4BFCE472BAA845C00BD516E /* TabBarViewController.swift */ = {isa = PBXFileReference; lastKnownFileType = sourcecode.swift; path = TabBarViewController.swift; sourceTree = "<group>"; };
		F4BFCE4B2BAA862100BD516E /* ProfileViewController.swift */ = {isa = PBXFileReference; lastKnownFileType = sourcecode.swift; path = ProfileViewController.swift; sourceTree = "<group>"; };
		F4BFCE622BB75F1500BD516E /* BebasNeue-Regular.ttf */ = {isa = PBXFileReference; lastKnownFileType = file; path = "BebasNeue-Regular.ttf"; sourceTree = "<group>"; };
/* End PBXFileReference section */

/* Begin PBXFrameworksBuildPhase section */
		F4B6EB632B998E08008E7399 /* Frameworks */ = {
			isa = PBXFrameworksBuildPhase;
			buildActionMask = 2147483647;
			files = (
				042F18165BCAE5354D6CB8EC /* Pods_Amazing.framework in Frameworks */,
			);
			runOnlyForDeploymentPostprocessing = 0;
		};
/* End PBXFrameworksBuildPhase section */

/* Begin PBXGroup section */
		168CC6EE5682250368059506 /* Pods */ = {
			isa = PBXGroup;
			children = (
				6F5D575083828B17D8AC18A4 /* Pods-Amazing.debug.xcconfig */,
				B601ADA1139B1D33156075EA /* Pods-Amazing.release.xcconfig */,
			);
			path = Pods;
			sourceTree = "<group>";
		};
		71FDB7E1660652B9467DEFCE /* Frameworks */ = {
			isa = PBXGroup;
			children = (
				CF46BAA9A7FB6F55FF29D7DB /* Pods_Amazing.framework */,
			);
			name = Frameworks;
			sourceTree = "<group>";
		};
		F4B6EB5D2B998E08008E7399 = {
			isa = PBXGroup;
			children = (
				F4B6EB682B998E08008E7399 /* Amazing */,
				F4B6EB672B998E08008E7399 /* Products */,
				168CC6EE5682250368059506 /* Pods */,
				71FDB7E1660652B9467DEFCE /* Frameworks */,
			);
			sourceTree = "<group>";
		};
		F4B6EB672B998E08008E7399 /* Products */ = {
			isa = PBXGroup;
			children = (
				F4B6EB662B998E08008E7399 /* Amazing.app */,
			);
			name = Products;
			sourceTree = "<group>";
		};
		F4B6EB682B998E08008E7399 /* Amazing */ = {
			isa = PBXGroup;
			children = (
				F4BFCE512BB6370500BD516E /* Fonts */,
				F4BFCE462BAA842900BD516E /* Tabs */,
				F4B6EB692B998E08008E7399 /* AppDelegate.swift */,
				F4B6EB6B2B998E08008E7399 /* SceneDelegate.swift */,
				F4B6EB6D2B998E08008E7399 /* ViewController.swift */,
				F4B6EB6F2B998E08008E7399 /* Main.storyboard */,
				F4B6EB722B998E0A008E7399 /* Assets.xcassets */,
				F4B6EB742B998E0A008E7399 /* LaunchScreen.storyboard */,
				F4B6EB772B998E0A008E7399 /* Info.plist */,
				F42FC2492B9CD9AD00F4FBC5 /* APIFetchHandler.swift */,
				F42FC24B2B9CD9E100F4FBC5 /* UserModel.swift */,
			);
			path = Amazing;
			sourceTree = "<group>";
		};
		F4BFCE462BAA842900BD516E /* Tabs */ = {
			isa = PBXGroup;
			children = (
				F4BFCE472BAA845C00BD516E /* TabBarViewController.swift */,
				F4BFCE4B2BAA862100BD516E /* ProfileViewController.swift */,
			);
			path = Tabs;
			sourceTree = "<group>";
		};
		F4BFCE512BB6370500BD516E /* Fonts */ = {
			isa = PBXGroup;
			children = (
				F417545E2BBD1A9700D5F2A6 /* pigarnos.ttf */,
				F4BFCE622BB75F1500BD516E /* BebasNeue-Regular.ttf */,
			);
			path = Fonts;
			sourceTree = "<group>";
		};
/* End PBXGroup section */

/* Begin PBXNativeTarget section */
		F4B6EB652B998E08008E7399 /* Amazing */ = {
			isa = PBXNativeTarget;
			buildConfigurationList = F4B6EB7A2B998E0A008E7399 /* Build configuration list for PBXNativeTarget "Amazing" */;
			buildPhases = (
				9413A7DF389E074DC0D4E26F /* [CP] Check Pods Manifest.lock */,
				F4B6EB622B998E08008E7399 /* Sources */,
				F4B6EB632B998E08008E7399 /* Frameworks */,
				F4B6EB642B998E08008E7399 /* Resources */,
				382347E6F3D6A71E74FFCA3A /* [CP] Embed Pods Frameworks */,
			);
			buildRules = (
			);
			dependencies = (
			);
			name = Amazing;
			productName = Amazing;
			productReference = F4B6EB662B998E08008E7399 /* Amazing.app */;
			productType = "com.apple.product-type.application";
		};
/* End PBXNativeTarget section */

/* Begin PBXProject section */
		F4B6EB5E2B998E08008E7399 /* Project object */ = {
			isa = PBXProject;
			attributes = {
				BuildIndependentTargetsInParallel = 1;
				LastSwiftUpdateCheck = 1520;
				LastUpgradeCheck = 1520;
				TargetAttributes = {
					F4B6EB652B998E08008E7399 = {
						CreatedOnToolsVersion = 15.2;
					};
				};
			};
			buildConfigurationList = F4B6EB612B998E08008E7399 /* Build configuration list for PBXProject "Amazing" */;
			compatibilityVersion = "Xcode 14.0";
			developmentRegion = en;
			hasScannedForEncodings = 0;
			knownRegions = (
				en,
				Base,
			);
			mainGroup = F4B6EB5D2B998E08008E7399;
			productRefGroup = F4B6EB672B998E08008E7399 /* Products */;
			projectDirPath = "";
			projectRoot = "";
			targets = (
				F4B6EB652B998E08008E7399 /* Amazing */,
			);
		};
/* End PBXProject section */

/* Begin PBXResourcesBuildPhase section */
		F4B6EB642B998E08008E7399 /* Resources */ = {
			isa = PBXResourcesBuildPhase;
			buildActionMask = 2147483647;
			files = (
				F4B6EB762B998E0A008E7399 /* LaunchScreen.storyboard in Resources */,
				F4B6EB732B998E0A008E7399 /* Assets.xcassets in Resources */,
				F4B6EB712B998E08008E7399 /* Main.storyboard in Resources */,
				F417545F2BBD1A9700D5F2A6 /* pigarnos.ttf in Resources */,
				F4BFCE632BB75F1500BD516E /* BebasNeue-Regular.ttf in Resources */,
			);
			runOnlyForDeploymentPostprocessing = 0;
		};
/* End PBXResourcesBuildPhase section */

/* Begin PBXShellScriptBuildPhase section */
		382347E6F3D6A71E74FFCA3A /* [CP] Embed Pods Frameworks */ = {
			isa = PBXShellScriptBuildPhase;
			buildActionMask = 2147483647;
			files = (
			);
			inputFileListPaths = (
				"${PODS_ROOT}/Target Support Files/Pods-Amazing/Pods-Amazing-frameworks-${CONFIGURATION}-input-files.xcfilelist",
			);
			name = "[CP] Embed Pods Frameworks";
			outputFileListPaths = (
				"${PODS_ROOT}/Target Support Files/Pods-Amazing/Pods-Amazing-frameworks-${CONFIGURATION}-output-files.xcfilelist",
			);
			runOnlyForDeploymentPostprocessing = 0;
			shellPath = /bin/sh;
			shellScript = "\"${PODS_ROOT}/Target Support Files/Pods-Amazing/Pods-Amazing-frameworks.sh\"\n";
			showEnvVarsInLog = 0;
		};
		9413A7DF389E074DC0D4E26F /* [CP] Check Pods Manifest.lock */ = {
			isa = PBXShellScriptBuildPhase;
			buildActionMask = 2147483647;
			files = (
			);
			inputFileListPaths = (
			);
			inputPaths = (
				"${PODS_PODFILE_DIR_PATH}/Podfile.lock",
				"${PODS_ROOT}/Manifest.lock",
			);
			name = "[CP] Check Pods Manifest.lock";
			outputFileListPaths = (
			);
			outputPaths = (
				"$(DERIVED_FILE_DIR)/Pods-Amazing-checkManifestLockResult.txt",
			);
			runOnlyForDeploymentPostprocessing = 0;
			shellPath = /bin/sh;
			shellScript = "diff \"${PODS_PODFILE_DIR_PATH}/Podfile.lock\" \"${PODS_ROOT}/Manifest.lock\" > /dev/null\nif [ $? != 0 ] ; then\n    # print error to STDERR\n    echo \"error: The sandbox is not in sync with the Podfile.lock. Run 'pod install' or update your CocoaPods installation.\" >&2\n    exit 1\nfi\n# This output is used by Xcode 'outputs' to avoid re-running this script phase.\necho \"SUCCESS\" > \"${SCRIPT_OUTPUT_FILE_0}\"\n";
			showEnvVarsInLog = 0;
		};
/* End PBXShellScriptBuildPhase section */

/* Begin PBXSourcesBuildPhase section */
		F4B6EB622B998E08008E7399 /* Sources */ = {
			isa = PBXSourcesBuildPhase;
			buildActionMask = 2147483647;
			files = (
				F4BFCE4C2BAA862100BD516E /* ProfileViewController.swift in Sources */,
				F4B6EB6E2B998E08008E7399 /* ViewController.swift in Sources */,
				F4B6EB6A2B998E08008E7399 /* AppDelegate.swift in Sources */,
				F42FC24A2B9CD9AD00F4FBC5 /* APIFetchHandler.swift in Sources */,
				F42FC24C2B9CD9E100F4FBC5 /* UserModel.swift in Sources */,
				F4BFCE482BAA845C00BD516E /* TabBarViewController.swift in Sources */,
				F4B6EB6C2B998E08008E7399 /* SceneDelegate.swift in Sources */,
			);
			runOnlyForDeploymentPostprocessing = 0;
		};
/* End PBXSourcesBuildPhase section */

/* Begin PBXVariantGroup section */
		F4B6EB6F2B998E08008E7399 /* Main.storyboard */ = {
			isa = PBXVariantGroup;
			children = (
				F4B6EB702B998E08008E7399 /* Base */,
			);
			name = Main.storyboard;
			sourceTree = "<group>";
		};
		F4B6EB742B998E0A008E7399 /* LaunchScreen.storyboard */ = {
			isa = PBXVariantGroup;
			children = (
				F4B6EB752B998E0A008E7399 /* Base */,
			);
			name = LaunchScreen.storyboard;
			sourceTree = "<group>";
		};
/* End PBXVariantGroup section */

/* Begin XCBuildConfiguration section */
		F4B6EB782B998E0A008E7399 /* Debug */ = {
			isa = XCBuildConfiguration;
			buildSettings = {
				ALWAYS_SEARCH_USER_PATHS = NO;
				ASSETCATALOG_COMPILER_GENERATE_SWIFT_ASSET_SYMBOL_EXTENSIONS = YES;
				CLANG_ANALYZER_NONNULL = YES;
				CLANG_ANALYZER_NUMBER_OBJECT_CONVERSION = YES_AGGRESSIVE;
				CLANG_CXX_LANGUAGE_STANDARD = "gnu++20";
				CLANG_ENABLE_MODULES = YES;
				CLANG_ENABLE_OBJC_ARC = YES;
				CLANG_ENABLE_OBJC_WEAK = YES;
				CLANG_WARN_BLOCK_CAPTURE_AUTORELEASING = YES;
				CLANG_WARN_BOOL_CONVERSION = YES;
				CLANG_WARN_COMMA = YES;
				CLANG_WARN_CONSTANT_CONVERSION = YES;
				CLANG_WARN_DEPRECATED_OBJC_IMPLEMENTATIONS = YES;
				CLANG_WARN_DIRECT_OBJC_ISA_USAGE = YES_ERROR;
				CLANG_WARN_DOCUMENTATION_COMMENTS = YES;
				CLANG_WARN_EMPTY_BODY = YES;
				CLANG_WARN_ENUM_CONVERSION = YES;
				CLANG_WARN_INFINITE_RECURSION = YES;
				CLANG_WARN_INT_CONVERSION = YES;
				CLANG_WARN_NON_LITERAL_NULL_CONVERSION = YES;
				CLANG_WARN_OBJC_IMPLICIT_RETAIN_SELF = YES;
				CLANG_WARN_OBJC_LITERAL_CONVERSION = YES;
				CLANG_WARN_OBJC_ROOT_CLASS = YES_ERROR;
				CLANG_WARN_QUOTED_INCLUDE_IN_FRAMEWORK_HEADER = YES;
				CLANG_WARN_RANGE_LOOP_ANALYSIS = YES;
				CLANG_WARN_STRICT_PROTOTYPES = YES;
				CLANG_WARN_SUSPICIOUS_MOVE = YES;
				CLANG_WARN_UNGUARDED_AVAILABILITY = YES_AGGRESSIVE;
				CLANG_WARN_UNREACHABLE_CODE = YES;
				CLANG_WARN__DUPLICATE_METHOD_MATCH = YES;
				COPY_PHASE_STRIP = NO;
				DEBUG_INFORMATION_FORMAT = dwarf;
				ENABLE_STRICT_OBJC_MSGSEND = YES;
				ENABLE_TESTABILITY = YES;
				ENABLE_USER_SCRIPT_SANDBOXING = YES;
				GCC_C_LANGUAGE_STANDARD = gnu17;
				GCC_DYNAMIC_NO_PIC = NO;
				GCC_NO_COMMON_BLOCKS = YES;
				GCC_OPTIMIZATION_LEVEL = 0;
				GCC_PREPROCESSOR_DEFINITIONS = (
					"DEBUG=1",
					"$(inherited)",
				);
				GCC_WARN_64_TO_32_BIT_CONVERSION = YES;
				GCC_WARN_ABOUT_RETURN_TYPE = YES_ERROR;
				GCC_WARN_UNDECLARED_SELECTOR = YES;
				GCC_WARN_UNINITIALIZED_AUTOS = YES_AGGRESSIVE;
				GCC_WARN_UNUSED_FUNCTION = YES;
				GCC_WARN_UNUSED_VARIABLE = YES;
				IPHONEOS_DEPLOYMENT_TARGET = 17.2;
				LOCALIZATION_PREFERS_STRING_CATALOGS = YES;
				MTL_ENABLE_DEBUG_INFO = INCLUDE_SOURCE;
				MTL_FAST_MATH = YES;
				ONLY_ACTIVE_ARCH = YES;
				SDKROOT = iphoneos;
				SWIFT_ACTIVE_COMPILATION_CONDITIONS = "DEBUG $(inherited)";
				SWIFT_OPTIMIZATION_LEVEL = "-Onone";
			};
			name = Debug;
		};
		F4B6EB792B998E0A008E7399 /* Release */ = {
			isa = XCBuildConfiguration;
			buildSettings = {
				ALWAYS_SEARCH_USER_PATHS = NO;
				ASSETCATALOG_COMPILER_GENERATE_SWIFT_ASSET_SYMBOL_EXTENSIONS = YES;
				CLANG_ANALYZER_NONNULL = YES;
				CLANG_ANALYZER_NUMBER_OBJECT_CONVERSION = YES_AGGRESSIVE;
				CLANG_CXX_LANGUAGE_STANDARD = "gnu++20";
				CLANG_ENABLE_MODULES = YES;
				CLANG_ENABLE_OBJC_ARC = YES;
				CLANG_ENABLE_OBJC_WEAK = YES;
				CLANG_WARN_BLOCK_CAPTURE_AUTORELEASING = YES;
				CLANG_WARN_BOOL_CONVERSION = YES;
				CLANG_WARN_COMMA = YES;
				CLANG_WARN_CONSTANT_CONVERSION = YES;
				CLANG_WARN_DEPRECATED_OBJC_IMPLEMENTATIONS = YES;
				CLANG_WARN_DIRECT_OBJC_ISA_USAGE = YES_ERROR;
				CLANG_WARN_DOCUMENTATION_COMMENTS = YES;
				CLANG_WARN_EMPTY_BODY = YES;
				CLANG_WARN_ENUM_CONVERSION = YES;
				CLANG_WARN_INFINITE_RECURSION = YES;
				CLANG_WARN_INT_CONVERSION = YES;
				CLANG_WARN_NON_LITERAL_NULL_CONVERSION = YES;
				CLANG_WARN_OBJC_IMPLICIT_RETAIN_SELF = YES;
				CLANG_WARN_OBJC_LITERAL_CONVERSION = YES;
				CLANG_WARN_OBJC_ROOT_CLASS = YES_ERROR;
				CLANG_WARN_QUOTED_INCLUDE_IN_FRAMEWORK_HEADER = YES;
				CLANG_WARN_RANGE_LOOP_ANALYSIS = YES;
				CLANG_WARN_STRICT_PROTOTYPES = YES;
				CLANG_WARN_SUSPICIOUS_MOVE = YES;
				CLANG_WARN_UNGUARDED_AVAILABILITY = YES_AGGRESSIVE;
				CLANG_WARN_UNREACHABLE_CODE = YES;
				CLANG_WARN__DUPLICATE_METHOD_MATCH = YES;
				COPY_PHASE_STRIP = NO;
				DEBUG_INFORMATION_FORMAT = "dwarf-with-dsym";
				ENABLE_NS_ASSERTIONS = NO;
				ENABLE_STRICT_OBJC_MSGSEND = YES;
				ENABLE_USER_SCRIPT_SANDBOXING = YES;
				GCC_C_LANGUAGE_STANDARD = gnu17;
				GCC_NO_COMMON_BLOCKS = YES;
				GCC_WARN_64_TO_32_BIT_CONVERSION = YES;
				GCC_WARN_ABOUT_RETURN_TYPE = YES_ERROR;
				GCC_WARN_UNDECLARED_SELECTOR = YES;
				GCC_WARN_UNINITIALIZED_AUTOS = YES_AGGRESSIVE;
				GCC_WARN_UNUSED_FUNCTION = YES;
				GCC_WARN_UNUSED_VARIABLE = YES;
				IPHONEOS_DEPLOYMENT_TARGET = 17.2;
				LOCALIZATION_PREFERS_STRING_CATALOGS = YES;
				MTL_ENABLE_DEBUG_INFO = NO;
				MTL_FAST_MATH = YES;
				SDKROOT = iphoneos;
				SWIFT_COMPILATION_MODE = wholemodule;
				VALIDATE_PRODUCT = YES;
			};
			name = Release;
		};
		F4B6EB7B2B998E0A008E7399 /* Debug */ = {
			isa = XCBuildConfiguration;
			baseConfigurationReference = 6F5D575083828B17D8AC18A4 /* Pods-Amazing.debug.xcconfig */;
			buildSettings = {
				ASSETCATALOG_COMPILER_APPICON_NAME = AppIcon;
				ASSETCATALOG_COMPILER_GLOBAL_ACCENT_COLOR_NAME = AccentColor;
				CODE_SIGN_STYLE = Automatic;
				CURRENT_PROJECT_VERSION = 1;
				DEVELOPMENT_TEAM = JQWZLKMF7W;
				ENABLE_USER_SCRIPT_SANDBOXING = NO;
				GENERATE_INFOPLIST_FILE = YES;
				INFOPLIST_FILE = Amazing/Info.plist;
				INFOPLIST_KEY_UIApplicationSupportsIndirectInputEvents = YES;
				INFOPLIST_KEY_UILaunchStoryboardName = LaunchScreen;
				INFOPLIST_KEY_UIMainStoryboardFile = Main;
				INFOPLIST_KEY_UISupportedInterfaceOrientations_iPad = "UIInterfaceOrientationPortrait UIInterfaceOrientationPortraitUpsideDown UIInterfaceOrientationLandscapeLeft UIInterfaceOrientationLandscapeRight";
				INFOPLIST_KEY_UISupportedInterfaceOrientations_iPhone = "UIInterfaceOrientationPortrait UIInterfaceOrientationLandscapeLeft UIInterfaceOrientationLandscapeRight";
				LD_RUNPATH_SEARCH_PATHS = (
					"$(inherited)",
					"@executable_path/Frameworks",
				);
				MARKETING_VERSION = 1.0;
				PRODUCT_BUNDLE_IDENTIFIER = mx.com.moonsmileh.Amazing;
				PRODUCT_NAME = "$(TARGET_NAME)";
				SWIFT_EMIT_LOC_STRINGS = YES;
				SWIFT_VERSION = 5.0;
				TARGETED_DEVICE_FAMILY = "1,2";
			};
			name = Debug;
		};
		F4B6EB7C2B998E0A008E7399 /* Release */ = {
			isa = XCBuildConfiguration;
			baseConfigurationReference = B601ADA1139B1D33156075EA /* Pods-Amazing.release.xcconfig */;
			buildSettings = {
				ASSETCATALOG_COMPILER_APPICON_NAME = AppIcon;
				ASSETCATALOG_COMPILER_GLOBAL_ACCENT_COLOR_NAME = AccentColor;
				CODE_SIGN_STYLE = Automatic;
				CURRENT_PROJECT_VERSION = 1;
				DEVELOPMENT_TEAM = JQWZLKMF7W;
				ENABLE_USER_SCRIPT_SANDBOXING = NO;
				GENERATE_INFOPLIST_FILE = YES;
				INFOPLIST_FILE = Amazing/Info.plist;
				INFOPLIST_KEY_UIApplicationSupportsIndirectInputEvents = YES;
				INFOPLIST_KEY_UILaunchStoryboardName = LaunchScreen;
				INFOPLIST_KEY_UIMainStoryboardFile = Main;
				INFOPLIST_KEY_UISupportedInterfaceOrientations_iPad = "UIInterfaceOrientationPortrait UIInterfaceOrientationPortraitUpsideDown UIInterfaceOrientationLandscapeLeft UIInterfaceOrientationLandscapeRight";
				INFOPLIST_KEY_UISupportedInterfaceOrientations_iPhone = "UIInterfaceOrientationPortrait UIInterfaceOrientationLandscapeLeft UIInterfaceOrientationLandscapeRight";
				LD_RUNPATH_SEARCH_PATHS = (
					"$(inherited)",
					"@executable_path/Frameworks",
				);
				MARKETING_VERSION = 1.0;
				PRODUCT_BUNDLE_IDENTIFIER = mx.com.moonsmileh.Amazing;
				PRODUCT_NAME = "$(TARGET_NAME)";
				SWIFT_EMIT_LOC_STRINGS = YES;
				SWIFT_VERSION = 5.0;
				TARGETED_DEVICE_FAMILY = "1,2";
			};
			name = Release;
		};
/* End XCBuildConfiguration section */

/* Begin XCConfigurationList section */
		F4B6EB612B998E08008E7399 /* Build configuration list for PBXProject "Amazing" */ = {
			isa = XCConfigurationList;
			buildConfigurations = (
				F4B6EB782B998E0A008E7399 /* Debug */,
				F4B6EB792B998E0A008E7399 /* Release */,
			);
			defaultConfigurationIsVisible = 0;
			defaultConfigurationName = Release;
		};
		F4B6EB7A2B998E0A008E7399 /* Build configuration list for PBXNativeTarget "Amazing" */ = {
			isa = XCConfigurationList;
			buildConfigurations = (
				F4B6EB7B2B998E0A008E7399 /* Debug */,
				F4B6EB7C2B998E0A008E7399 /* Release */,
			);
			defaultConfigurationIsVisible = 0;
			defaultConfigurationName = Release;
		};
/* End XCConfigurationList section */
	};
	rootObject = F4B6EB5E2B998E08008E7399 /* Project object */;
}
